
Microsoft Visual Studio Solution File, Format Version 12.00
# Visual Studio Version 16
VisualStudioVersion = 16.0.31321.278
MinimumVisualStudioVersion = 10.0.40219.1
Project("{FAE04EC0-301F-11D3-BF4B-00C04F79EFBC}") = "PaymentGatewayWebApi", "PaymentGatewayWebApi\PaymentGatewayWebApi.csproj", "{1498A098-4415-4D57-94F3-EE4168639AAB}"
EndProject
Global
	GlobalSection(SolutionConfigurationPlatforms) = preSolution
		Debug|Any CPU = Debug|Any CPU
		Release|Any CPU = Release|Any CPU
	EndGlobalSection
	GlobalSection(ProjectConfigurationPlatforms) = postSolution
		{1498A098-4415-4D57-94F3-EE4168639AAB}.Debug|Any CPU.ActiveCfg = Debug|Any CPU
		{1498A098-4415-4D57-94F3-EE4168639AAB}.Debug|Any CPU.Build.0 = Debug|Any CPU
		{1498A098-4415-4D57-94F3-EE4168639AAB}.Release|Any CPU.ActiveCfg = Release|Any CPU
		{1498A098-4415-4D57-94F3-EE4168639AAB}.Release|Any CPU.Build.0 = Release|Any CPU
	EndGlobalSection
	GlobalSection(SolutionProperties) = preSolution
		HideSolutionNode = FALSE
	EndGlobalSection
	GlobalSection(ExtensibilityGlobals) = postSolution
		SolutionGuid = {7F370ACB-21C5-4FAC-ACCB-EE0DB72C4918}
	EndGlobalSection
EndGlobal
